
Microsoft Visual Studio Solution File, Format Version 12.00
# Visual Studio 15
VisualStudioVersion = 15.0.26403.7
MinimumVisualStudioVersion = 10.0.40219.1
Project("{FAE04EC0-301F-11D3-BF4B-00C04F79EFBC}") = "FeedReader", "FeedReader\FeedReader.csproj", "{E6D73D4A-2166-4715-A7B0-C3644469959A}"
EndProject
Project("{FAE04EC0-301F-11D3-BF4B-00C04F79EFBC}") = "FeedReader.Tests", "FeedReader.Tests\FeedReader.Tests.csproj", "{CE70B54F-0456-4854-8FA9-F6C70F943ABC}"
EndProject
Project("{FAE04EC0-301F-11D3-BF4B-00C04F79EFBC}") = "FeedReader.TestDataCrawler", "FeedReader.TestDataCrawler\FeedReader.TestDataCrawler.csproj", "{45875170-DB82-4DF2-9C0E-19E4E5933261}"
EndProject
Project("{2150E333-8FDC-42A3-9474-1A3956D46DE8}") = "Solution Items", "Solution Items", "{CF0E7DCA-8DB4-4341-B1CF-82A608724819}"
	ProjectSection(SolutionItems) = preProject
		README.MD = README.MD
	EndProjectSection
EndProject
Project("{FAE04EC0-301F-11D3-BF4B-00C04F79EFBC}") = "FeedReader.ConsoleSample", "FeedReader.ConsoleSample\FeedReader.ConsoleSample.csproj", "{C2B3ED64-BBE0-44FF-8001-90895C8F4396}"
EndProject
Project("{2150E333-8FDC-42A3-9474-1A3956D46DE8}") = "Samples", "Samples", "{305D3DDE-41ED-4AB7-9D56-297B97C1EB6B}"
EndProject

Global
	GlobalSection(SolutionConfigurationPlatforms) = preSolution
		Debug|Any CPU = Debug|Any CPU
		Release|Any CPU = Release|Any CPU
	EndGlobalSection
	GlobalSection(ProjectConfigurationPlatforms) = postSolution
		{E6D73D4A-2166-4715-A7B0-C3644469959A}.Debug|Any CPU.ActiveCfg = Debug|Any CPU
		{E6D73D4A-2166-4715-A7B0-C3644469959A}.Debug|Any CPU.Build.0 = Debug|Any CPU
		{E6D73D4A-2166-4715-A7B0-C3644469959A}.Release|Any CPU.ActiveCfg = Release|Any CPU
		{E6D73D4A-2166-4715-A7B0-C3644469959A}.Release|Any CPU.Build.0 = Release|Any CPU
		{CE70B54F-0456-4854-8FA9-F6C70F943ABC}.Debug|Any CPU.ActiveCfg = Debug|Any CPU
		{CE70B54F-0456-4854-8FA9-F6C70F943ABC}.Debug|Any CPU.Build.0 = Debug|Any CPU
		{CE70B54F-0456-4854-8FA9-F6C70F943ABC}.Release|Any CPU.ActiveCfg = Release|Any CPU
		{CE70B54F-0456-4854-8FA9-F6C70F943ABC}.Release|Any CPU.Build.0 = Release|Any CPU
		{45875170-DB82-4DF2-9C0E-19E4E5933261}.Debug|Any CPU.ActiveCfg = Debug|Any CPU
		{45875170-DB82-4DF2-9C0E-19E4E5933261}.Debug|Any CPU.Build.0 = Debug|Any CPU
		{45875170-DB82-4DF2-9C0E-19E4E5933261}.Release|Any CPU.ActiveCfg = Release|Any CPU
		{45875170-DB82-4DF2-9C0E-19E4E5933261}.Release|Any CPU.Build.0 = Release|Any CPU
		{C2B3ED64-BBE0-44FF-8001-90895C8F4396}.Debug|Any CPU.ActiveCfg = Debug|Any CPU
		{C2B3ED64-BBE0-44FF-8001-90895C8F4396}.Debug|Any CPU.Build.0 = Debug|Any CPU
		{C2B3ED64-BBE0-44FF-8001-90895C8F4396}.Release|Any CPU.ActiveCfg = Release|Any CPU
		{C2B3ED64-BBE0-44FF-8001-90895C8F4396}.Release|Any CPU.Build.0 = Release|Any CPU
	EndGlobalSection
	GlobalSection(SolutionProperties) = preSolution
		HideSolutionNode = FALSE
	EndGlobalSection
	GlobalSection(NestedProjects) = preSolution
		{C2B3ED64-BBE0-44FF-8001-90895C8F4396} = {305D3DDE-41ED-4AB7-9D56-297B97C1EB6B}
	EndGlobalSection
EndGlobal
